
Microsoft Visual Studio Solution File, Format Version 12.00
# Visual Studio Version 17
VisualStudioVersion = 17.4.33020.496
MinimumVisualStudioVersion = 10.0.40219.1
Project("{FAE04EC0-301F-11D3-BF4B-00C04F79EFBC}") = "PlaceholderTextBox", "PlaceholderTextBox.csproj", "{02DD40CD-8438-40E9-8D32-0BAB1A7700CC}"
EndProject
Global
	GlobalSection(SolutionConfigurationPlatforms) = preSolution
		Debug|Any CPU = Debug|Any CPU
		Release|Any CPU = Release|Any CPU
	EndGlobalSection
	GlobalSection(ProjectConfigurationPlatforms) = postSolution
		{02DD40CD-8438-40E9-8D32-0BAB1A7700CC}.Debug|Any CPU.ActiveCfg = Debug|Any CPU
		{02DD40CD-8438-40E9-8D32-0BAB1A7700CC}.Debug|Any CPU.Build.0 = Debug|Any CPU
		{02DD40CD-8438-40E9-8D32-0BAB1A7700CC}.Release|Any CPU.ActiveCfg = Release|Any CPU
		{02DD40CD-8438-40E9-8D32-0BAB1A7700CC}.Release|Any CPU.Build.0 = Release|Any CPU
	EndGlobalSection
	GlobalSection(SolutionProperties) = preSolution
		HideSolutionNode = FALSE
	EndGlobalSection
	GlobalSection(ExtensibilityGlobals) = postSolution
		SolutionGuid = {C3A82EE9-11C6-4332-9185-C084902CFC10}
	EndGlobalSection
EndGlobal
